
Microsoft Visual Studio Solution File, Format Version 12.00
# Visual Studio Version 16
VisualStudioVersion = 16.0.30804.86
MinimumVisualStudioVersion = 10.0.40219.1
Project("{FAE04EC0-301F-11D3-BF4B-00C04F79EFBC}") = "FactoryMethod", "FactoryMethod\FactoryMethod.csproj", "{BFC6B617-F554-4F04-BD60-40A16C2290FD}"
EndProject
Global
	GlobalSection(SolutionConfigurationPlatforms) = preSolution
		Debug|Any CPU = Debug|Any CPU
		Release|Any CPU = Release|Any CPU
	EndGlobalSection
	GlobalSection(ProjectConfigurationPlatforms) = postSolution
		{BFC6B617-F554-4F04-BD60-40A16C2290FD}.Debug|Any CPU.ActiveCfg = Debug|Any CPU
		{BFC6B617-F554-4F04-BD60-40A16C2290FD}.Debug|Any CPU.Build.0 = Debug|Any CPU
		{BFC6B617-F554-4F04-BD60-40A16C2290FD}.Release|Any CPU.ActiveCfg = Release|Any CPU
		{BFC6B617-F554-4F04-BD60-40A16C2290FD}.Release|Any CPU.Build.0 = Release|Any CPU
	EndGlobalSection
	GlobalSection(SolutionProperties) = preSolution
		HideSolutionNode = FALSE
	EndGlobalSection
	GlobalSection(ExtensibilityGlobals) = postSolution
		SolutionGuid = {26661F05-07C7-42D1-9307-5D27BD71C888}
	EndGlobalSection
EndGlobal
